// !$*UTF8*$!
{
	archiveVersion = 1;
	classes = {
	};
	objectVersion = 50;
	objects = {

/* Begin PBXBuildFile section */
		CD636E7F2591C8CB00243CB8 /* AppDelegate.swift in Sources */ = {isa = PBXBuildFile; fileRef = CD636E7E2591C8CB00243CB8 /* AppDelegate.swift */; };
		CD636E812591C8CB00243CB8 /* SceneDelegate.swift in Sources */ = {isa = PBXBuildFile; fileRef = CD636E802591C8CB00243CB8 /* SceneDelegate.swift */; };
		CD636E832591C8CB00243CB8 /* ViewController.swift in Sources */ = {isa = PBXBuildFile; fileRef = CD636E822591C8CB00243CB8 /* ViewController.swift */; };
		CD636E862591C8CB00243CB8 /* Main.storyboard in Resources */ = {isa = PBXBuildFile; fileRef = CD636E842591C8CB00243CB8 /* Main.storyboard */; };
		CD636E882591C8CF00243CB8 /* Assets.xcassets in Resources */ = {isa = PBXBuildFile; fileRef = CD636E872591C8CF00243CB8 /* Assets.xcassets */; };
		CD636E8B2591C8CF00243CB8 /* LaunchScreen.storyboard in Resources */ = {isa = PBXBuildFile; fileRef = CD636E892591C8CF00243CB8 /* LaunchScreen.storyboard */; };
		CD636E962591C8CF00243CB8 /* AppLaunchTests.swift in Sources */ = {isa = PBXBuildFile; fileRef = CD636E952591C8CF00243CB8 /* AppLaunchTests.swift */; };
		CD636EA12591C8CF00243CB8 /* AppLaunchUITests.swift in Sources */ = {isa = PBXBuildFile; fileRef = CD636EA02591C8CF00243CB8 /* AppLaunchUITests.swift */; };
		CD636EB52591CAD600243CB8 /* TestingAppDelegate.swift in Sources */ = {isa = PBXBuildFile; fileRef = CD636EB42591CAD600243CB8 /* TestingAppDelegate.swift */; };
		CD636EBA2591CCAC00243CB8 /* main.swift in Sources */ = {isa = PBXBuildFile; fileRef = CD636EB92591CCAC00243CB8 /* main.swift */; };
/* End PBXBuildFile section */

/* Begin PBXContainerItemProxy section */
		CD636E922591C8CF00243CB8 /* PBXContainerItemProxy */ = {
			isa = PBXContainerItemProxy;
			containerPortal = CD636E732591C8CB00243CB8 /* Project object */;
			proxyType = 1;
			remoteGlobalIDString = CD636E7A2591C8CB00243CB8;
			remoteInfo = AppLaunch;
		};
		CD636E9D2591C8CF00243CB8 /* PBXContainerItemProxy */ = {
			isa = PBXContainerItemProxy;
			containerPortal = CD636E732591C8CB00243CB8 /* Project object */;
			proxyType = 1;
			remoteGlobalIDString = CD636E7A2591C8CB00243CB8;
			remoteInfo = AppLaunch;
		};
/* End PBXContainerItemProxy section */

/* Begin PBXFileReference section */
		CD636E7B2591C8CB00243CB8 /* AppLaunch.app */ = {isa = PBXFileReference; explicitFileType = wrapper.application; includeInIndex = 0; path = AppLaunch.app; sourceTree = BUILT_PRODUCTS_DIR; };
		CD636E7E2591C8CB00243CB8 /* AppDelegate.swift */ = {isa = PBXFileReference; lastKnownFileType = sourcecode.swift; path = AppDelegate.swift; sourceTree = "<group>"; };
		CD636E802591C8CB00243CB8 /* SceneDelegate.swift */ = {isa = PBXFileReference; lastKnownFileType = sourcecode.swift; path = SceneDelegate.swift; sourceTree = "<group>"; };
		CD636E822591C8CB00243CB8 /* ViewController.swift */ = {isa = PBXFileReference; lastKnownFileType = sourcecode.swift; path = ViewController.swift; sourceTree = "<group>"; };
		CD636E852591C8CB00243CB8 /* Base */ = {isa = PBXFileReference; lastKnownFileType = file.storyboard; name = Base; path = Base.lproj/Main.storyboard; sourceTree = "<group>"; };
		CD636E872591C8CF00243CB8 /* Assets.xcassets */ = {isa = PBXFileReference; lastKnownFileType = folder.assetcatalog; path = Assets.xcassets; sourceTree = "<group>"; };
		CD636E8A2591C8CF00243CB8 /* Base */ = {isa = PBXFileReference; lastKnownFileType = file.storyboard; name = Base; path = Base.lproj/LaunchScreen.storyboard; sourceTree = "<group>"; };
		CD636E8C2591C8CF00243CB8 /* Info.plist */ = {isa = PBXFileReference; lastKnownFileType = text.plist.xml; path = Info.plist; sourceTree = "<group>"; };
		CD636E912591C8CF00243CB8 /* AppLaunchTests.xctest */ = {isa = PBXFileReference; explicitFileType = wrapper.cfbundle; includeInIndex = 0; path = AppLaunchTests.xctest; sourceTree = BUILT_PRODUCTS_DIR; };
		CD636E952591C8CF00243CB8 /* AppLaunchTests.swift */ = {isa = PBXFileReference; lastKnownFileType = sourcecode.swift; path = AppLaunchTests.swift; sourceTree = "<group>"; };
		CD636E972591C8CF00243CB8 /* Info.plist */ = {isa = PBXFileReference; lastKnownFileType = text.plist.xml; path = Info.plist; sourceTree = "<group>"; };
		CD636E9C2591C8CF00243CB8 /* AppLaunchUITests.xctest */ = {isa = PBXFileReference; explicitFileType = wrapper.cfbundle; includeInIndex = 0; path = AppLaunchUITests.xctest; sourceTree = BUILT_PRODUCTS_DIR; };
		CD636EA02591C8CF00243CB8 /* AppLaunchUITests.swift */ = {isa = PBXFileReference; lastKnownFileType = sourcecode.swift; path = AppLaunchUITests.swift; sourceTree = "<group>"; };
		CD636EA22591C8CF00243CB8 /* Info.plist */ = {isa = PBXFileReference; lastKnownFileType = text.plist.xml; path = Info.plist; sourceTree = "<group>"; };
		CD636EB42591CAD600243CB8 /* TestingAppDelegate.swift */ = {isa = PBXFileReference; lastKnownFileType = sourcecode.swift; path = TestingAppDelegate.swift; sourceTree = "<group>"; };
		CD636EB92591CCAC00243CB8 /* main.swift */ = {isa = PBXFileReference; lastKnownFileType = sourcecode.swift; path = main.swift; sourceTree = "<group>"; };
/* End PBXFileReference section */

/* Begin PBXFrameworksBuildPhase section */
		CD636E782591C8CB00243CB8 /* Frameworks */ = {
			isa = PBXFrameworksBuildPhase;
			buildActionMask = 2147483647;
			files = (
			);
			runOnlyForDeploymentPostprocessing = 0;
		};
		CD636E8E2591C8CF00243CB8 /* Frameworks */ = {
			isa = PBXFrameworksBuildPhase;
			buildActionMask = 2147483647;
			files = (
			);
			runOnlyForDeploymentPostprocessing = 0;
		};
		CD636E992591C8CF00243CB8 /* Frameworks */ = {
			isa = PBXFrameworksBuildPhase;
			buildActionMask = 2147483647;
			files = (
			);
			runOnlyForDeploymentPostprocessing = 0;
		};
/* End PBXFrameworksBuildPhase section */

/* Begin PBXGroup section */
		CD636E722591C8CB00243CB8 = {
			isa = PBXGroup;
			children = (
				CD636E7D2591C8CB00243CB8 /* AppLaunch */,
				CD636E942591C8CF00243CB8 /* AppLaunchTests */,
				CD636E9F2591C8CF00243CB8 /* AppLaunchUITests */,
				CD636E7C2591C8CB00243CB8 /* Products */,
			);
			sourceTree = "<group>";
		};
		CD636E7C2591C8CB00243CB8 /* Products */ = {
			isa = PBXGroup;
			children = (
				CD636E7B2591C8CB00243CB8 /* AppLaunch.app */,
				CD636E912591C8CF00243CB8 /* AppLaunchTests.xctest */,
				CD636E9C2591C8CF00243CB8 /* AppLaunchUITests.xctest */,
			);
			name = Products;
			sourceTree = "<group>";
		};
		CD636E7D2591C8CB00243CB8 /* AppLaunch */ = {
			isa = PBXGroup;
			children = (
				CD636E7E2591C8CB00243CB8 /* AppDelegate.swift */,
				CD636E802591C8CB00243CB8 /* SceneDelegate.swift */,
				CD636E822591C8CB00243CB8 /* ViewController.swift */,
				CD636E842591C8CB00243CB8 /* Main.storyboard */,
				CD636E872591C8CF00243CB8 /* Assets.xcassets */,
				CD636E892591C8CF00243CB8 /* LaunchScreen.storyboard */,
				CD636E8C2591C8CF00243CB8 /* Info.plist */,
				CD636EB92591CCAC00243CB8 /* main.swift */,
			);
			path = AppLaunch;
			sourceTree = "<group>";
		};
		CD636E942591C8CF00243CB8 /* AppLaunchTests */ = {
			isa = PBXGroup;
			children = (
				CD636E952591C8CF00243CB8 /* AppLaunchTests.swift */,
				CD636EB42591CAD600243CB8 /* TestingAppDelegate.swift */,
				CD636E972591C8CF00243CB8 /* Info.plist */,
			);
			path = AppLaunchTests;
			sourceTree = "<group>";
		};
		CD636E9F2591C8CF00243CB8 /* AppLaunchUITests */ = {
			isa = PBXGroup;
			children = (
				CD636EA02591C8CF00243CB8 /* AppLaunchUITests.swift */,
				CD636EA22591C8CF00243CB8 /* Info.plist */,
			);
			path = AppLaunchUITests;
			sourceTree = "<group>";
		};
/* End PBXGroup section */

/* Begin PBXNativeTarget section */
		CD636E7A2591C8CB00243CB8 /* AppLaunch */ = {
			isa = PBXNativeTarget;
			buildConfigurationList = CD636EA52591C8CF00243CB8 /* Build configuration list for PBXNativeTarget "AppLaunch" */;
			buildPhases = (
				CD636E772591C8CB00243CB8 /* Sources */,
				CD636E782591C8CB00243CB8 /* Frameworks */,
				CD636E792591C8CB00243CB8 /* Resources */,
			);
			buildRules = (
			);
			dependencies = (
			);
			name = AppLaunch;
			productName = AppLaunch;
			productReference = CD636E7B2591C8CB00243CB8 /* AppLaunch.app */;
			productType = "com.apple.product-type.application";
		};
		CD636E902591C8CF00243CB8 /* AppLaunchTests */ = {
			isa = PBXNativeTarget;
			buildConfigurationList = CD636EA82591C8CF00243CB8 /* Build configuration list for PBXNativeTarget "AppLaunchTests" */;
			buildPhases = (
				CD636E8D2591C8CF00243CB8 /* Sources */,
				CD636E8E2591C8CF00243CB8 /* Frameworks */,
				CD636E8F2591C8CF00243CB8 /* Resources */,
			);
			buildRules = (
			);
			dependencies = (
				CD636E932591C8CF00243CB8 /* PBXTargetDependency */,
			);
			name = AppLaunchTests;
			productName = AppLaunchTests;
			productReference = CD636E912591C8CF00243CB8 /* AppLaunchTests.xctest */;
			productType = "com.apple.product-type.bundle.unit-test";
		};
		CD636E9B2591C8CF00243CB8 /* AppLaunchUITests */ = {
			isa = PBXNativeTarget;
			buildConfigurationList = CD636EAB2591C8CF00243CB8 /* Build configuration list for PBXNativeTarget "AppLaunchUITests" */;
			buildPhases = (
				CD636E982591C8CF00243CB8 /* Sources */,
				CD636E992591C8CF00243CB8 /* Frameworks */,
				CD636E9A2591C8CF00243CB8 /* Resources */,
			);
			buildRules = (
			);
			dependencies = (
				CD636E9E2591C8CF00243CB8 /* PBXTargetDependency */,
			);
			name = AppLaunchUITests;
			productName = AppLaunchUITests;
			productReference = CD636E9C2591C8CF00243CB8 /* AppLaunchUITests.xctest */;
			productType = "com.apple.product-type.bundle.ui-testing";
		};
/* End PBXNativeTarget section */

/* Begin PBXProject section */
		CD636E732591C8CB00243CB8 /* Project object */ = {
			isa = PBXProject;
			attributes = {
				LastSwiftUpdateCheck = 1230;
				LastUpgradeCheck = 1230;
				TargetAttributes = {
					CD636E7A2591C8CB00243CB8 = {
						CreatedOnToolsVersion = 12.3;
					};
					CD636E902591C8CF00243CB8 = {
						CreatedOnToolsVersion = 12.3;
						TestTargetID = CD636E7A2591C8CB00243CB8;
					};
					CD636E9B2591C8CF00243CB8 = {
						CreatedOnToolsVersion = 12.3;
						TestTargetID = CD636E7A2591C8CB00243CB8;
					};
				};
			};
			buildConfigurationList = CD636E762591C8CB00243CB8 /* Build configuration list for PBXProject "AppLaunch" */;
			compatibilityVersion = "Xcode 9.3";
			developmentRegion = en;
			hasScannedForEncodings = 0;
			knownRegions = (
				en,
				Base,
			);
			mainGroup = CD636E722591C8CB00243CB8;
			productRefGroup = CD636E7C2591C8CB00243CB8 /* Products */;
			projectDirPath = "";
			projectRoot = "";
			targets = (
				CD636E7A2591C8CB00243CB8 /* AppLaunch */,
				CD636E902591C8CF00243CB8 /* AppLaunchTests */,
				CD636E9B2591C8CF00243CB8 /* AppLaunchUITests */,
			);
		};
/* End PBXProject section */

/* Begin PBXResourcesBuildPhase section */
		CD636E792591C8CB00243CB8 /* Resources */ = {
			isa = PBXResourcesBuildPhase;
			buildActionMask = 2147483647;
			files = (
				CD636E8B2591C8CF00243CB8 /* LaunchScreen.storyboard in Resources */,
				CD636E882591C8CF00243CB8 /* Assets.xcassets in Resources */,
				CD636E862591C8CB00243CB8 /* Main.storyboard in Resources */,
			);
			runOnlyForDeploymentPostprocessing = 0;
		};
		CD636E8F2591C8CF00243CB8 /* Resources */ = {
			isa = PBXResourcesBuildPhase;
			buildActionMask = 2147483647;
			files = (
			);
			runOnlyForDeploymentPostprocessing = 0;
		};
		CD636E9A2591C8CF00243CB8 /* Resources */ = {
			isa = PBXResourcesBuildPhase;
			buildActionMask = 2147483647;
			files = (
			);
			runOnlyForDeploymentPostprocessing = 0;
		};
/* End PBXResourcesBuildPhase section */

/* Begin PBXSourcesBuildPhase section */
		CD636E772591C8CB00243CB8 /* Sources */ = {
			isa = PBXSourcesBuildPhase;
			buildActionMask = 2147483647;
			files = (
				CD636E832591C8CB00243CB8 /* ViewController.swift in Sources */,
				CD636E7F2591C8CB00243CB8 /* AppDelegate.swift in Sources */,
				CD636EBA2591CCAC00243CB8 /* main.swift in Sources */,
				CD636E812591C8CB00243CB8 /* SceneDelegate.swift in Sources */,
			);
			runOnlyForDeploymentPostprocessing = 0;
		};
		CD636E8D2591C8CF00243CB8 /* Sources */ = {
			isa = PBXSourcesBuildPhase;
			buildActionMask = 2147483647;
			files = (
				CD636E962591C8CF00243CB8 /* AppLaunchTests.swift in Sources */,
				CD636EB52591CAD600243CB8 /* TestingAppDelegate.swift in Sources */,
			);
			runOnlyForDeploymentPostprocessing = 0;
		};
		CD636E982591C8CF00243CB8 /* Sources */ = {
			isa = PBXSourcesBuildPhase;
			buildActionMask = 2147483647;
			files = (
				CD636EA12591C8CF00243CB8 /* AppLaunchUITests.swift in Sources */,
			);
			runOnlyForDeploymentPostprocessing = 0;
		};
/* End PBXSourcesBuildPhase section */

/* Begin PBXTargetDependency section */
		CD636E932591C8CF00243CB8 /* PBXTargetDependency */ = {
			isa = PBXTargetDependency;
			target = CD636E7A2591C8CB00243CB8 /* AppLaunch */;
			targetProxy = CD636E922591C8CF00243CB8 /* PBXContainerItemProxy */;
		};
		CD636E9E2591C8CF00243CB8 /* PBXTargetDependency */ = {
			isa = PBXTargetDependency;
			target = CD636E7A2591C8CB00243CB8 /* AppLaunch */;
			targetProxy = CD636E9D2591C8CF00243CB8 /* PBXContainerItemProxy */;
		};
/* End PBXTargetDependency section */

/* Begin PBXVariantGroup section */
		CD636E842591C8CB00243CB8 /* Main.storyboard */ = {
			isa = PBXVariantGroup;
			children = (
				CD636E852591C8CB00243CB8 /* Base */,
			);
			name = Main.storyboard;
			sourceTree = "<group>";
		};
		CD636E892591C8CF00243CB8 /* LaunchScreen.storyboard */ = {
			isa = PBXVariantGroup;
			children = (
				CD636E8A2591C8CF00243CB8 /* Base */,
			);
			name = LaunchScreen.storyboard;
			sourceTree = "<group>";
		};
/* End PBXVariantGroup section */

/* Begin XCBuildConfiguration section */
		CD636EA32591C8CF00243CB8 /* Debug */ = {
			isa = XCBuildConfiguration;
			buildSettings = {
				ALWAYS_SEARCH_USER_PATHS = NO;
				CLANG_ANALYZER_NONNULL = YES;
				CLANG_ANALYZER_NUMBER_OBJECT_CONVERSION = YES_AGGRESSIVE;
				CLANG_CXX_LANGUAGE_STANDARD = "gnu++14";
				CLANG_CXX_LIBRARY = "libc++";
				CLANG_ENABLE_MODULES = YES;
				CLANG_ENABLE_OBJC_ARC = YES;
				CLANG_ENABLE_OBJC_WEAK = YES;
				CLANG_WARN_BLOCK_CAPTURE_AUTORELEASING = YES;
				CLANG_WARN_BOOL_CONVERSION = YES;
				CLANG_WARN_COMMA = YES;
				CLANG_WARN_CONSTANT_CONVERSION = YES;
				CLANG_WARN_DEPRECATED_OBJC_IMPLEMENTATIONS = YES;
				CLANG_WARN_DIRECT_OBJC_ISA_USAGE = YES_ERROR;
				CLANG_WARN_DOCUMENTATION_COMMENTS = YES;
				CLANG_WARN_EMPTY_BODY = YES;
				CLANG_WARN_ENUM_CONVERSION = YES;
				CLANG_WARN_INFINITE_RECURSION = YES;
				CLANG_WARN_INT_CONVERSION = YES;
				CLANG_WARN_NON_LITERAL_NULL_CONVERSION = YES;
				CLANG_WARN_OBJC_IMPLICIT_RETAIN_SELF = YES;
				CLANG_WARN_OBJC_LITERAL_CONVERSION = YES;
				CLANG_WARN_OBJC_ROOT_CLASS = YES_ERROR;
				CLANG_WARN_QUOTED_INCLUDE_IN_FRAMEWORK_HEADER = YES;
				CLANG_WARN_RANGE_LOOP_ANALYSIS = YES;
				CLANG_WARN_STRICT_PROTOTYPES = YES;
				CLANG_WARN_SUSPICIOUS_MOVE = YES;
				CLANG_WARN_UNGUARDED_AVAILABILITY = YES_AGGRESSIVE;
				CLANG_WARN_UNREACHABLE_CODE = YES;
				CLANG_WARN__DUPLICATE_METHOD_MATCH = YES;
				COPY_PHASE_STRIP = NO;
				DEBUG_INFORMATION_FORMAT = dwarf;
				ENABLE_STRICT_OBJC_MSGSEND = YES;
				ENABLE_TESTABILITY = YES;
				GCC_C_LANGUAGE_STANDARD = gnu11;
				GCC_DYNAMIC_NO_PIC = NO;
				GCC_NO_COMMON_BLOCKS = YES;
				GCC_OPTIMIZATION_LEVEL = 0;
				GCC_PREPROCESSOR_DEFINITIONS = (
					"DEBUG=1",
					"$(inherited)",
				);
				GCC_WARN_64_TO_32_BIT_CONVERSION = YES;
				GCC_WARN_ABOUT_RETURN_TYPE = YES_ERROR;
				GCC_WARN_UNDECLARED_SELECTOR = YES;
				GCC_WARN_UNINITIALIZED_AUTOS = YES_AGGRESSIVE;
				GCC_WARN_UNUSED_FUNCTION = YES;
				GCC_WARN_UNUSED_VARIABLE = YES;
				IPHONEOS_DEPLOYMENT_TARGET = 14.3;
				MTL_ENABLE_DEBUG_INFO = INCLUDE_SOURCE;
				MTL_FAST_MATH = YES;
				ONLY_ACTIVE_ARCH = YES;
				SDKROOT = iphoneos;
				SWIFT_ACTIVE_COMPILATION_CONDITIONS = DEBUG;
				SWIFT_OPTIMIZATION_LEVEL = "-Onone";
			};
			name = Debug;
		};
		CD636EA42591C8CF00243CB8 /* Release */ = {
			isa = XCBuildConfiguration;
			buildSettings = {
				ALWAYS_SEARCH_USER_PATHS = NO;
				CLANG_ANALYZER_NONNULL = YES;
				CLANG_ANALYZER_NUMBER_OBJECT_CONVERSION = YES_AGGRESSIVE;
				CLANG_CXX_LANGUAGE_STANDARD = "gnu++14";
				CLANG_CXX_LIBRARY = "libc++";
				CLANG_ENABLE_MODULES = YES;
				CLANG_ENABLE_OBJC_ARC = YES;
				CLANG_ENABLE_OBJC_WEAK = YES;
				CLANG_WARN_BLOCK_CAPTURE_AUTORELEASING = YES;
				CLANG_WARN_BOOL_CONVERSION = YES;
				CLANG_WARN_COMMA = YES;
				CLANG_WARN_CONSTANT_CONVERSION = YES;
				CLANG_WARN_DEPRECATED_OBJC_IMPLEMENTATIONS = YES;
				CLANG_WARN_DIRECT_OBJC_ISA_USAGE = YES_ERROR;
				CLANG_WARN_DOCUMENTATION_COMMENTS = YES;
				CLANG_WARN_EMPTY_BODY = YES;
				CLANG_WARN_ENUM_CONVERSION = YES;
				CLANG_WARN_INFINITE_RECURSION = YES;
				CLANG_WARN_INT_CONVERSION = YES;
				CLANG_WARN_NON_LITERAL_NULL_CONVERSION = YES;
				CLANG_WARN_OBJC_IMPLICIT_RETAIN_SELF = YES;
				CLANG_WARN_OBJC_LITERAL_CONVERSION = YES;
				CLANG_WARN_OBJC_ROOT_CLASS = YES_ERROR;
				CLANG_WARN_QUOTED_INCLUDE_IN_FRAMEWORK_HEADER = YES;
				CLANG_WARN_RANGE_LOOP_ANALYSIS = YES;
				CLANG_WARN_STRICT_PROTOTYPES = YES;
				CLANG_WARN_SUSPICIOUS_MOVE = YES;
				CLANG_WARN_UNGUARDED_AVAILABILITY = YES_AGGRESSIVE;
				CLANG_WARN_UNREACHABLE_CODE = YES;
				CLANG_WARN__DUPLICATE_METHOD_MATCH = YES;
				COPY_PHASE_STRIP = NO;
				DEBUG_INFORMATION_FORMAT = "dwarf-with-dsym";
				ENABLE_NS_ASSERTIONS = NO;
				ENABLE_STRICT_OBJC_MSGSEND = YES;
				GCC_C_LANGUAGE_STANDARD = gnu11;
				GCC_NO_COMMON_BLOCKS = YES;
				GCC_WARN_64_TO_32_BIT_CONVERSION = YES;
				GCC_WARN_ABOUT_RETURN_TYPE = YES_ERROR;
				GCC_WARN_UNDECLARED_SELECTOR = YES;
				GCC_WARN_UNINITIALIZED_AUTOS = YES_AGGRESSIVE;
				GCC_WARN_UNUSED_FUNCTION = YES;
				GCC_WARN_UNUSED_VARIABLE = YES;
				IPHONEOS_DEPLOYMENT_TARGET = 14.3;
				MTL_ENABLE_DEBUG_INFO = NO;
				MTL_FAST_MATH = YES;
				SDKROOT = iphoneos;
				SWIFT_COMPILATION_MODE = wholemodule;
				SWIFT_OPTIMIZATION_LEVEL = "-O";
				VALIDATE_PRODUCT = YES;
			};
			name = Release;
		};
		CD636EA62591C8CF00243CB8 /* Debug */ = {
			isa = XCBuildConfiguration;
			buildSettings = {
				ASSETCATALOG_COMPILER_APPICON_NAME = AppIcon;
				ASSETCATALOG_COMPILER_GLOBAL_ACCENT_COLOR_NAME = AccentColor;
				CODE_SIGN_STYLE = Automatic;
				DEVELOPMENT_TEAM = STUF6F5M42;
				INFOPLIST_FILE = AppLaunch/Info.plist;
				LD_RUNPATH_SEARCH_PATHS = (
					"$(inherited)",
					"@executable_path/Frameworks",
				);
				PRODUCT_BUNDLE_IDENTIFIER = Squel.AppLaunch;
				PRODUCT_NAME = "$(TARGET_NAME)";
				SWIFT_VERSION = 5.0;
				TARGETED_DEVICE_FAMILY = "1,2";
			};
			name = Debug;
		};
		CD636EA72591C8CF00243CB8 /* Release */ = {
			isa = XCBuildConfiguration;
			buildSettings = {
				ASSETCATALOG_COMPILER_APPICON_NAME = AppIcon;
				ASSETCATALOG_COMPILER_GLOBAL_ACCENT_COLOR_NAME = AccentColor;
				CODE_SIGN_STYLE = Automatic;
				DEVELOPMENT_TEAM = STUF6F5M42;
				INFOPLIST_FILE = AppLaunch/Info.plist;
				LD_RUNPATH_SEARCH_PATHS = (
					"$(inherited)",
					"@executable_path/Frameworks",
				);
				PRODUCT_BUNDLE_IDENTIFIER = Squel.AppLaunch;
				PRODUCT_NAME = "$(TARGET_NAME)";
				SWIFT_VERSION = 5.0;
				TARGETED_DEVICE_FAMILY = "1,2";
			};
			name = Release;
		};
		CD636EA92591C8CF00243CB8 /* Debug */ = {
			isa = XCBuildConfiguration;
			buildSettings = {
				ALWAYS_EMBED_SWIFT_STANDARD_LIBRARIES = YES;
				BUNDLE_LOADER = "$(TEST_HOST)";
				CODE_SIGN_STYLE = Automatic;
				DEVELOPMENT_TEAM = STUF6F5M42;
				INFOPLIST_FILE = AppLaunchTests/Info.plist;
				IPHONEOS_DEPLOYMENT_TARGET = 14.3;
				LD_RUNPATH_SEARCH_PATHS = (
					"$(inherited)",
					"@executable_path/Frameworks",
					"@loader_path/Frameworks",
				);
				PRODUCT_BUNDLE_IDENTIFIER = Squel.AppLaunchTests;
				PRODUCT_NAME = "$(TARGET_NAME)";
				SWIFT_VERSION = 5.0;
				TARGETED_DEVICE_FAMILY = "1,2";
				TEST_HOST = "$(BUILT_PRODUCTS_DIR)/AppLaunch.app/AppLaunch";
			};
			name = Debug;
		};
		CD636EAA2591C8CF00243CB8 /* Release */ = {
			isa = XCBuildConfiguration;
			buildSettings = {
				ALWAYS_EMBED_SWIFT_STANDARD_LIBRARIES = YES;
				BUNDLE_LOADER = "$(TEST_HOST)";
				CODE_SIGN_STYLE = Automatic;
				DEVELOPMENT_TEAM = STUF6F5M42;
				INFOPLIST_FILE = AppLaunchTests/Info.plist;
				IPHONEOS_DEPLOYMENT_TARGET = 14.3;
				LD_RUNPATH_SEARCH_PATHS = (
					"$(inherited)",
					"@executable_path/Frameworks",
					"@loader_path/Frameworks",
				);
				PRODUCT_BUNDLE_IDENTIFIER = Squel.AppLaunchTests;
				PRODUCT_NAME = "$(TARGET_NAME)";
				SWIFT_VERSION = 5.0;
				TARGETED_DEVICE_FAMILY = "1,2";
				TEST_HOST = "$(BUILT_PRODUCTS_DIR)/AppLaunch.app/AppLaunch";
			};
			name = Release;
		};
		CD636EAC2591C8CF00243CB8 /* Debug */ = {
			isa = XCBuildConfiguration;
			buildSettings = {
				ALWAYS_EMBED_SWIFT_STANDARD_LIBRARIES = YES;
				CODE_SIGN_STYLE = Automatic;
				DEVELOPMENT_TEAM = STUF6F5M42;
				INFOPLIST_FILE = AppLaunchUITests/Info.plist;
				LD_RUNPATH_SEARCH_PATHS = (
					"$(inherited)",
					"@executable_path/Frameworks",
					"@loader_path/Frameworks",
				);
				PRODUCT_BUNDLE_IDENTIFIER = Squel.AppLaunchUITests;
				PRODUCT_NAME = "$(TARGET_NAME)";
				SWIFT_VERSION = 5.0;
				TARGETED_DEVICE_FAMILY = "1,2";
				TEST_TARGET_NAME = AppLaunch;
			};
			name = Debug;
		};
		CD636EAD2591C8CF00243CB8 /* Release */ = {
			isa = XCBuildConfiguration;
			buildSettings = {
				ALWAYS_EMBED_SWIFT_STANDARD_LIBRARIES = YES;
				CODE_SIGN_STYLE = Automatic;
				DEVELOPMENT_TEAM = STUF6F5M42;
				INFOPLIST_FILE = AppLaunchUITests/Info.plist;
				LD_RUNPATH_SEARCH_PATHS = (
					"$(inherited)",
					"@executable_path/Frameworks",
					"@loader_path/Frameworks",
				);
				PRODUCT_BUNDLE_IDENTIFIER = Squel.AppLaunchUITests;
				PRODUCT_NAME = "$(TARGET_NAME)";
				SWIFT_VERSION = 5.0;
				TARGETED_DEVICE_FAMILY = "1,2";
				TEST_TARGET_NAME = AppLaunch;
			};
			name = Release;
		};
/* End XCBuildConfiguration section */

/* Begin XCConfigurationList section */
		CD636E762591C8CB00243CB8 /* Build configuration list for PBXProject "AppLaunch" */ = {
			isa = XCConfigurationList;
			buildConfigurations = (
				CD636EA32591C8CF00243CB8 /* Debug */,
				CD636EA42591C8CF00243CB8 /* Release */,
			);
			defaultConfigurationIsVisible = 0;
			defaultConfigurationName = Release;
		};
		CD636EA52591C8CF00243CB8 /* Build configuration list for PBXNativeTarget "AppLaunch" */ = {
			isa = XCConfigurationList;
			buildConfigurations = (
				CD636EA62591C8CF00243CB8 /* Debug */,
				CD636EA72591C8CF00243CB8 /* Release */,
			);
			defaultConfigurationIsVisible = 0;
			defaultConfigurationName = Release;
		};
		CD636EA82591C8CF00243CB8 /* Build configuration list for PBXNativeTarget "AppLaunchTests" */ = {
			isa = XCConfigurationList;
			buildConfigurations = (
				CD636EA92591C8CF00243CB8 /* Debug */,
				CD636EAA2591C8CF00243CB8 /* Release */,
			);
			defaultConfigurationIsVisible = 0;
			defaultConfigurationName = Release;
		};
		CD636EAB2591C8CF00243CB8 /* Build configuration list for PBXNativeTarget "AppLaunchUITests" */ = {
			isa = XCConfigurationList;
			buildConfigurations = (
				CD636EAC2591C8CF00243CB8 /* Debug */,
				CD636EAD2591C8CF00243CB8 /* Release */,
			);
			defaultConfigurationIsVisible = 0;
			defaultConfigurationName = Release;
		};
/* End XCConfigurationList section */
	};
	rootObject = CD636E732591C8CB00243CB8 /* Project object */;
}
